<Solution>
  <Project Path="CheckMate.API/CheckMate.API.csproj" />
  <Project Path="CheckMate.Application/CheckMate.Application.csproj" Id="6ff69051-6514-4939-9ce1-bc16488d402c" />
  <Project Path="CheckMate.Domain/CheckMate.Domain.csproj" />
  <Project Path="CheckMate.Infrastructure/CheckMate.Infrastructure.csproj" Id="72316d86-77e7-4c93-af0a-7be147c8f417" />
</Solution>